
Microsoft Visual Studio Solution File, Format Version 11.00
# Visual Studio 2010
Project("{FAE04EC0-301F-11D3-BF4B-00C04F79EFBC}") = "CurriculumSchedule", "CurriculumSchedule\CurriculumSchedule.csproj", "{657D0818-7FC4-4CF5-A10F-DD0E869885A2}"
EndProject
Global
	GlobalSection(SolutionConfigurationPlatforms) = preSolution
		Debug|Any CPU = Debug|Any CPU
		Release|Any CPU = Release|Any CPU
	EndGlobalSection
	GlobalSection(ProjectConfigurationPlatforms) = postSolution
		{657D0818-7FC4-4CF5-A10F-DD0E869885A2}.Debug|Any CPU.ActiveCfg = Debug|Any CPU
		{657D0818-7FC4-4CF5-A10F-DD0E869885A2}.Debug|Any CPU.Build.0 = Debug|Any CPU
		{657D0818-7FC4-4CF5-A10F-DD0E869885A2}.Release|Any CPU.ActiveCfg = Release|Any CPU
		{657D0818-7FC4-4CF5-A10F-DD0E869885A2}.Release|Any CPU.Build.0 = Release|Any CPU
	EndGlobalSection
	GlobalSection(MonoDevelopProperties) = preSolution
		StartupItem = CurriculumSchedule\CurriculumSchedule.csproj
		Policies = $0
		$0.DotNetNamingPolicy = $1
		$1.DirectoryNamespaceAssociation = None
		$1.ResourceNamePolicy = FileFormatDefault
		$0.VersionControlPolicy = $2
		$2.inheritsSet = Mono
		$0.ChangeLogPolicy = $3
		$3.UpdateMode = None
		$3.MessageStyle = $4
		$4.LineAlign = 0
		$3.inheritsSet = Mono
	EndGlobalSection
EndGlobal
